
Microsoft Visual Studio Solution File, Format Version 12.00
# Visual Studio Version 16
VisualStudioVersion = 16.0.30320.27
MinimumVisualStudioVersion = 10.0.40219.1
Project("{2150E333-8FDC-42A3-9474-1A3956D46DE8}") = "src", "src", "{3A2304F2-5B83-4E97-87DD-58D2637E78AA}"
EndProject
Project("{2150E333-8FDC-42A3-9474-1A3956D46DE8}") = "Basket", "Basket", "{EFB0C61B-A30A-4CF0-B1F1-40EE2CD63494}"
EndProject
Project("{2150E333-8FDC-42A3-9474-1A3956D46DE8}") = "Catalog", "Catalog", "{F65C1105-0540-4555-A1A4-B91DADA8E6F3}"
EndProject
Project("{9A19103F-16F7-4668-BE54-9A1E7A4F7556}") = "Catalog.API", "src\Catalog\Catalog.API\Catalog.API.csproj", "{1CF3AB23-6C64-4288-B98C-3F8EBF47AB15}"
EndProject
Project("{9A19103F-16F7-4668-BE54-9A1E7A4F7556}") = "Basket.API", "src\Basket\Basket.API\Basket.API.csproj", "{74C9961B-B276-4269-86DD-819CD9B83B1A}"
EndProject
Project("{E53339B2-1760-4266-BCC7-CA923CBCF16C}") = "docker-compose", "docker-compose.dcproj", "{13A543D7-620D-4A45-9A4B-BC93A2E72CA3}"
EndProject
Project("{2150E333-8FDC-42A3-9474-1A3956D46DE8}") = "Common", "Common", "{C2A44BF0-A139-447A-B9DC-1731A87B7FA8}"
EndProject
Project("{9A19103F-16F7-4668-BE54-9A1E7A4F7556}") = "EventBusRabbitMQ", "src\Common\EventBusRabbitMQ\EventBusRabbitMQ.csproj", "{31C21311-DDF9-4174-B00F-57D9C8BFBF45}"
EndProject
Global
	GlobalSection(SolutionConfigurationPlatforms) = preSolution
		Debug|Any CPU = Debug|Any CPU
		Release|Any CPU = Release|Any CPU
	EndGlobalSection
	GlobalSection(ProjectConfigurationPlatforms) = postSolution
		{1CF3AB23-6C64-4288-B98C-3F8EBF47AB15}.Debug|Any CPU.ActiveCfg = Debug|Any CPU
		{1CF3AB23-6C64-4288-B98C-3F8EBF47AB15}.Debug|Any CPU.Build.0 = Debug|Any CPU
		{1CF3AB23-6C64-4288-B98C-3F8EBF47AB15}.Release|Any CPU.ActiveCfg = Release|Any CPU
		{1CF3AB23-6C64-4288-B98C-3F8EBF47AB15}.Release|Any CPU.Build.0 = Release|Any CPU
		{74C9961B-B276-4269-86DD-819CD9B83B1A}.Debug|Any CPU.ActiveCfg = Debug|Any CPU
		{74C9961B-B276-4269-86DD-819CD9B83B1A}.Debug|Any CPU.Build.0 = Debug|Any CPU
		{74C9961B-B276-4269-86DD-819CD9B83B1A}.Release|Any CPU.ActiveCfg = Release|Any CPU
		{74C9961B-B276-4269-86DD-819CD9B83B1A}.Release|Any CPU.Build.0 = Release|Any CPU
		{13A543D7-620D-4A45-9A4B-BC93A2E72CA3}.Debug|Any CPU.ActiveCfg = Debug|Any CPU
		{13A543D7-620D-4A45-9A4B-BC93A2E72CA3}.Debug|Any CPU.Build.0 = Debug|Any CPU
		{13A543D7-620D-4A45-9A4B-BC93A2E72CA3}.Release|Any CPU.ActiveCfg = Release|Any CPU
		{13A543D7-620D-4A45-9A4B-BC93A2E72CA3}.Release|Any CPU.Build.0 = Release|Any CPU
		{31C21311-DDF9-4174-B00F-57D9C8BFBF45}.Debug|Any CPU.ActiveCfg = Debug|Any CPU
		{31C21311-DDF9-4174-B00F-57D9C8BFBF45}.Debug|Any CPU.Build.0 = Debug|Any CPU
		{31C21311-DDF9-4174-B00F-57D9C8BFBF45}.Release|Any CPU.ActiveCfg = Release|Any CPU
		{31C21311-DDF9-4174-B00F-57D9C8BFBF45}.Release|Any CPU.Build.0 = Release|Any CPU
	EndGlobalSection
	GlobalSection(SolutionProperties) = preSolution
		HideSolutionNode = FALSE
	EndGlobalSection
	GlobalSection(NestedProjects) = preSolution
		{EFB0C61B-A30A-4CF0-B1F1-40EE2CD63494} = {3A2304F2-5B83-4E97-87DD-58D2637E78AA}
		{F65C1105-0540-4555-A1A4-B91DADA8E6F3} = {3A2304F2-5B83-4E97-87DD-58D2637E78AA}
		{1CF3AB23-6C64-4288-B98C-3F8EBF47AB15} = {F65C1105-0540-4555-A1A4-B91DADA8E6F3}
		{74C9961B-B276-4269-86DD-819CD9B83B1A} = {EFB0C61B-A30A-4CF0-B1F1-40EE2CD63494}
		{C2A44BF0-A139-447A-B9DC-1731A87B7FA8} = {F65C1105-0540-4555-A1A4-B91DADA8E6F3}
		{31C21311-DDF9-4174-B00F-57D9C8BFBF45} = {C2A44BF0-A139-447A-B9DC-1731A87B7FA8}
	EndGlobalSection
	GlobalSection(ExtensibilityGlobals) = postSolution
		SolutionGuid = {6FB1AFFD-1F84-42FE-AF05-66A29F1B0528}
	EndGlobalSection
EndGlobal
